
Microsoft Visual Studio Solution File, Format Version 12.00
Project("{FAE04EC0-301F-11D3-BF4B-00C04F79EFBC}") = "quick sort", "quick sort\quick sort.csproj", "{D1958514-8FDC-452F-A780-72ED06F98BA6}"
EndProject
Global
	GlobalSection(SolutionConfigurationPlatforms) = preSolution
		Debug|Any CPU = Debug|Any CPU
		Release|Any CPU = Release|Any CPU
	EndGlobalSection
	GlobalSection(ProjectConfigurationPlatforms) = postSolution
		{D1958514-8FDC-452F-A780-72ED06F98BA6}.Debug|Any CPU.ActiveCfg = Debug|Any CPU
		{D1958514-8FDC-452F-A780-72ED06F98BA6}.Debug|Any CPU.Build.0 = Debug|Any CPU
		{D1958514-8FDC-452F-A780-72ED06F98BA6}.Release|Any CPU.ActiveCfg = Release|Any CPU
		{D1958514-8FDC-452F-A780-72ED06F98BA6}.Release|Any CPU.Build.0 = Release|Any CPU
	EndGlobalSection
EndGlobal
